{
  "version": 4,
  "terraform_version": "1.14.0",
  "serial": 22,
  "lineage": "0fdb06b7-5595-1f43-5c03-c95a64b922cc",
  "outputs": {
    "vm_common_metadata_config": {
      "value": {
        "serial-port-enable": "1",
        "ssh-keys": "ubuntu:ssh-rsa AAAAB3NzaC1yc2EAAAADAQABAAABAQCvcG8Vf7p3y2uZoqeWojRC6QEsW25sJ7qTk+078OUKWzxOKHok5jmD7t/fZ8A82D6H5dlSHwN0e8SEnWqSuCxBn5vNfljaGNl2gg8rN4n5f9pZYOmi6naEvH3tkX19fSjJY3Yh9WFvjZ5lR+lkCryDxqDxLkH0tawxqumhQpyEnhVd1ljU17+ArZfTrx0Mg3j7J9EhGVaoan3MMuN1mGdA2aBUeDKC85Sh7oE35JuoRuRiFUalCwG4xEB0KjvMJFs3L2yAm2bPBRfkooxiHGEIKOxNvbeFdhixtcHTKg4L1k9lnE5MMix25Trod2xnOLnRIve0tQ62jHeUtzdsBKut viktor-rsa-key-20250120"
      },
      "type": [
        "map",
        "string"
      ],
      "sensitive": true
    },
    "vm_instances": {
      "value": {
        "db": {
          "external_ip": "158.160.93.243",
          "fqdn": "epdnpo7ju0c3os19ijf8.auto.internal",
          "instance_name": "vm-netology-develop-platform-db-ru-central1-b-develop"
        },
        "web": {
          "external_ip": "158.160.40.111",
          "fqdn": "fhm4hnv20p9jd2nos7bs.auto.internal",
          "instance_name": "vm-netology-develop-platform-web-ru-central1-a-develop"
        }
      },
      "type": [
        "object",
        {
          "db": [
            "object",
            {
              "external_ip": "string",
              "fqdn": "string",
              "instance_name": "string"
            }
          ],
          "web": [
            "object",
            {
              "external_ip": "string",
              "fqdn": "string",
              "instance_name": "string"
            }
          ]
        }
      ]
    },
    "vms_resources_config": {
      "value": {
        "db": {
          "core_fraction": 20,
          "cores": 2,
          "memory": 2
        },
        "web": {
          "core_fraction": 20,
          "cores": 2,
          "memory": 1
        }
      },
      "type": [
        "map",
        [
          "object",
          {
            "core_fraction": "number",
            "cores": "number",
            "memory": "number"
          }
        ]
      ]
    }
  },
  "resources": [
    {
      "mode": "data",
      "type": "yandex_compute_image",
      "name": "ubuntu",
      "provider": "provider[\"registry.terraform.io/yandex-cloud/yandex\"]",
      "instances": [
        {
          "schema_version": 0,
          "attributes": {
            "created_at": "2025-12-01T11:24:24Z",
            "description": "Ubuntu 20.04 lts v20251121010549",
            "family": "ubuntu-2004-lts",
            "folder_id": "standard-images",
            "hardware_generation": [
              {
                "generation2_features": [],
                "legacy_features": [
                  {
                    "pci_topology": "PCI_TOPOLOGY_V2"
                  }
                ]
              }
            ],
            "id": "fd8lep3cnkb8b1u4q744",
            "image_id": "fd8lep3cnkb8b1u4q744",
            "kms_key_id": null,
            "labels": {
              "version": "20251121010549"
            },
            "min_disk_size": 5,
            "name": "ubuntu-20-04-lts-v20251201",
            "os_type": "linux",
            "pooled": true,
            "product_ids": [
              "f2ek2spc80106b1uualg"
            ],
            "size": 2,
            "status": "ready"
          },
          "sensitive_attributes": [],
          "identity_schema_version": 0
        }
      ]
    },
    {
      "mode": "managed",
      "type": "yandex_compute_instance",
      "name": "platform_db",
      "provider": "provider[\"registry.terraform.io/yandex-cloud/yandex\"]",
      "instances": [
        {
          "schema_version": 1,
          "attributes": {
            "allow_recreate": null,
            "allow_stopping_for_update": null,
            "boot_disk": [
              {
                "auto_delete": true,
                "device_name": "epdaaajuv4bkcpbi9kei",
                "disk_id": "epdaaajuv4bkcpbi9kei",
                "initialize_params": [
                  {
                    "block_size": 4096,
                    "description": "",
                    "image_id": "fd8lep3cnkb8b1u4q744",
                    "kms_key_id": "",
                    "name": "",
                    "size": 15,
                    "snapshot_id": "",
                    "type": "network-hdd"
                  }
                ],
                "mode": "READ_WRITE"
              }
            ],
            "created_at": "2025-12-02T18:29:15Z",
            "description": "",
            "filesystem": [],
            "folder_id": "b1g62ao9u4rgh2p2mekh",
            "fqdn": "epdnpo7ju0c3os19ijf8.auto.internal",
            "gpu_cluster_id": "",
            "hardware_generation": [
              {
                "generation2_features": [],
                "legacy_features": [
                  {
                    "pci_topology": "PCI_TOPOLOGY_V2"
                  }
                ]
              }
            ],
            "hostname": "",
            "id": "epdnpo7ju0c3os19ijf8",
            "labels": {},
            "local_disk": [],
            "maintenance_grace_period": "",
            "maintenance_policy": null,
            "metadata": {
              "serial-port-enable": "1",
              "ssh-keys": "ubuntu:ssh-rsa AAAAB3NzaC1yc2EAAAADAQABAAABAQCvcG8Vf7p3y2uZoqeWojRC6QEsW25sJ7qTk+078OUKWzxOKHok5jmD7t/fZ8A82D6H5dlSHwN0e8SEnWqSuCxBn5vNfljaGNl2gg8rN4n5f9pZYOmi6naEvH3tkX19fSjJY3Yh9WFvjZ5lR+lkCryDxqDxLkH0tawxqumhQpyEnhVd1ljU17+ArZfTrx0Mg3j7J9EhGVaoan3MMuN1mGdA2aBUeDKC85Sh7oE35JuoRuRiFUalCwG4xEB0KjvMJFs3L2yAm2bPBRfkooxiHGEIKOxNvbeFdhixtcHTKg4L1k9lnE5MMix25Trod2xnOLnRIve0tQ62jHeUtzdsBKut viktor-rsa-key-20250120"
            },
            "metadata_options": [
              {
                "aws_v1_http_endpoint": 1,
                "aws_v1_http_token": 2,
                "gce_http_endpoint": 1,
                "gce_http_token": 1
              }
            ],
            "name": "vm-netology-develop-platform-db-ru-central1-b-develop",
            "network_acceleration_type": "standard",
            "network_interface": [
              {
                "dns_record": [],
                "index": 0,
                "ip_address": "10.0.2.23",
                "ipv4": true,
                "ipv6": false,
                "ipv6_address": "",
                "ipv6_dns_record": [],
                "mac_address": "d0:0d:17:ce:0f:3f",
                "nat": true,
                "nat_dns_record": [],
                "nat_ip_address": "158.160.93.243",
                "nat_ip_version": "IPV4",
                "security_group_ids": [],
                "subnet_id": "e2l2slpi0ejutkvepmtc"
              }
            ],
            "placement_policy": [
              {
                "host_affinity_rules": [],
                "placement_group_id": "",
                "placement_group_partition": 0
              }
            ],
            "platform_id": "standard-v1",
            "resources": [
              {
                "core_fraction": 20,
                "cores": 2,
                "gpus": 0,
                "memory": 2
              }
            ],
            "scheduling_policy": [
              {
                "preemptible": true
              }
            ],
            "secondary_disk": [],
            "service_account_id": "",
            "status": "running",
            "timeouts": null,
            "zone": "ru-central1-b"
          },
          "sensitive_attributes": [],
          "identity_schema_version": 0,
          "private": "eyJlMmJmYjczMC1lY2FhLTExZTYtOGY4OC0zNDM2M2JjN2M0YzAiOnsiY3JlYXRlIjozMDAwMDAwMDAwMDAsImRlbGV0ZSI6MzAwMDAwMDAwMDAwLCJ1cGRhdGUiOjMwMDAwMDAwMDAwMH0sInNjaGVtYV92ZXJzaW9uIjoiMSJ9",
          "dependencies": [
            "data.yandex_compute_image.ubuntu",
            "yandex_vpc_network.develop",
            "yandex_vpc_subnet.develop_b"
          ]
        }
      ]
    },
    {
      "mode": "managed",
      "type": "yandex_compute_instance",
      "name": "platform_web",
      "provider": "provider[\"registry.terraform.io/yandex-cloud/yandex\"]",
      "instances": [
        {
          "schema_version": 1,
          "attributes": {
            "allow_recreate": null,
            "allow_stopping_for_update": null,
            "boot_disk": [
              {
                "auto_delete": true,
                "device_name": "fhmfkr4gghoqk5gm436t",
                "disk_id": "fhmfkr4gghoqk5gm436t",
                "initialize_params": [
                  {
                    "block_size": 4096,
                    "description": "",
                    "image_id": "fd8lep3cnkb8b1u4q744",
                    "kms_key_id": "",
                    "name": "",
                    "size": 15,
                    "snapshot_id": "",
                    "type": "network-hdd"
                  }
                ],
                "mode": "READ_WRITE"
              }
            ],
            "created_at": "2025-12-02T18:32:39Z",
            "description": "",
            "filesystem": [],
            "folder_id": "b1g62ao9u4rgh2p2mekh",
            "fqdn": "fhm4hnv20p9jd2nos7bs.auto.internal",
            "gpu_cluster_id": "",
            "hardware_generation": [
              {
                "generation2_features": [],
                "legacy_features": [
                  {
                    "pci_topology": "PCI_TOPOLOGY_V2"
                  }
                ]
              }
            ],
            "hostname": "",
            "id": "fhm4hnv20p9jd2nos7bs",
            "labels": {},
            "local_disk": [],
            "maintenance_grace_period": "",
            "maintenance_policy": null,
            "metadata": {
              "serial-port-enable": "1",
              "ssh-keys": "ubuntu:ssh-rsa AAAAB3NzaC1yc2EAAAADAQABAAABAQCvcG8Vf7p3y2uZoqeWojRC6QEsW25sJ7qTk+078OUKWzxOKHok5jmD7t/fZ8A82D6H5dlSHwN0e8SEnWqSuCxBn5vNfljaGNl2gg8rN4n5f9pZYOmi6naEvH3tkX19fSjJY3Yh9WFvjZ5lR+lkCryDxqDxLkH0tawxqumhQpyEnhVd1ljU17+ArZfTrx0Mg3j7J9EhGVaoan3MMuN1mGdA2aBUeDKC85Sh7oE35JuoRuRiFUalCwG4xEB0KjvMJFs3L2yAm2bPBRfkooxiHGEIKOxNvbeFdhixtcHTKg4L1k9lnE5MMix25Trod2xnOLnRIve0tQ62jHeUtzdsBKut viktor-rsa-key-20250120"
            },
            "metadata_options": [
              {
                "aws_v1_http_endpoint": 1,
                "aws_v1_http_token": 2,
                "gce_http_endpoint": 1,
                "gce_http_token": 1
              }
            ],
            "name": "vm-netology-develop-platform-web-ru-central1-a-develop",
            "network_acceleration_type": "standard",
            "network_interface": [
              {
                "dns_record": [],
                "index": 0,
                "ip_address": "10.0.1.6",
                "ipv4": true,
                "ipv6": false,
                "ipv6_address": "",
                "ipv6_dns_record": [],
                "mac_address": "d0:0d:48:df:e2:06",
                "nat": true,
                "nat_dns_record": [],
                "nat_ip_address": "158.160.40.111",
                "nat_ip_version": "IPV4",
                "security_group_ids": [],
                "subnet_id": "e9b9ietai59pueq88d9j"
              }
            ],
            "placement_policy": [
              {
                "host_affinity_rules": [],
                "placement_group_id": "",
                "placement_group_partition": 0
              }
            ],
            "platform_id": "standard-v1",
            "resources": [
              {
                "core_fraction": 20,
                "cores": 2,
                "gpus": 0,
                "memory": 1
              }
            ],
            "scheduling_policy": [
              {
                "preemptible": true
              }
            ],
            "secondary_disk": [],
            "service_account_id": "",
            "status": "running",
            "timeouts": null,
            "zone": "ru-central1-a"
          },
          "sensitive_attributes": [],
          "identity_schema_version": 0,
          "private": "eyJlMmJmYjczMC1lY2FhLTExZTYtOGY4OC0zNDM2M2JjN2M0YzAiOnsiY3JlYXRlIjozMDAwMDAwMDAwMDAsImRlbGV0ZSI6MzAwMDAwMDAwMDAwLCJ1cGRhdGUiOjMwMDAwMDAwMDAwMH0sInNjaGVtYV92ZXJzaW9uIjoiMSJ9",
          "dependencies": [
            "data.yandex_compute_image.ubuntu",
            "yandex_vpc_network.develop",
            "yandex_vpc_subnet.develop_a"
          ]
        }
      ]
    },
    {
      "mode": "managed",
      "type": "yandex_vpc_network",
      "name": "develop",
      "provider": "provider[\"registry.terraform.io/yandex-cloud/yandex\"]",
      "instances": [
        {
          "schema_version": 0,
          "attributes": {
            "created_at": "2025-12-02T17:43:19Z",
            "default_security_group_id": "enpt654r3dvrfn6vceig",
            "description": "",
            "folder_id": "b1g62ao9u4rgh2p2mekh",
            "id": "enplm0lco6iqv9u2qeoa",
            "labels": {},
            "name": "develop",
            "subnet_ids": [
              "e2l2slpi0ejutkvepmtc",
              "e9b9ietai59pueq88d9j"
            ],
            "timeouts": null
          },
          "sensitive_attributes": [],
          "identity_schema_version": 0,
          "private": "eyJlMmJmYjczMC1lY2FhLTExZTYtOGY4OC0zNDM2M2JjN2M0YzAiOnsiY3JlYXRlIjo2MDAwMDAwMDAwMCwiZGVsZXRlIjo2MDAwMDAwMDAwMCwidXBkYXRlIjo2MDAwMDAwMDAwMH19"
        }
      ]
    },
    {
      "mode": "managed",
      "type": "yandex_vpc_subnet",
      "name": "develop_a",
      "provider": "provider[\"registry.terraform.io/yandex-cloud/yandex\"]",
      "instances": [
        {
          "schema_version": 0,
          "attributes": {
            "created_at": "2025-12-02T18:32:38Z",
            "description": "",
            "dhcp_options": [],
            "folder_id": "b1g62ao9u4rgh2p2mekh",
            "id": "e9b9ietai59pueq88d9j",
            "labels": {},
            "name": "develop-a",
            "network_id": "enplm0lco6iqv9u2qeoa",
            "route_table_id": "",
            "timeouts": null,
            "v4_cidr_blocks": [
              "10.0.1.0/24"
            ],
            "v6_cidr_blocks": [],
            "zone": "ru-central1-a"
          },
          "sensitive_attributes": [],
          "identity_schema_version": 0,
          "private": "eyJlMmJmYjczMC1lY2FhLTExZTYtOGY4OC0zNDM2M2JjN2M0YzAiOnsiY3JlYXRlIjoxODAwMDAwMDAwMDAsImRlbGV0ZSI6MTgwMDAwMDAwMDAwLCJ1cGRhdGUiOjE4MDAwMDAwMDAwMH19",
          "dependencies": [
            "yandex_vpc_network.develop"
          ]
        }
      ]
    },
    {
      "mode": "managed",
      "type": "yandex_vpc_subnet",
      "name": "develop_b",
      "provider": "provider[\"registry.terraform.io/yandex-cloud/yandex\"]",
      "instances": [
        {
          "schema_version": 0,
          "attributes": {
            "created_at": "2025-12-02T18:29:14Z",
            "description": "",
            "dhcp_options": [],
            "folder_id": "b1g62ao9u4rgh2p2mekh",
            "id": "e2l2slpi0ejutkvepmtc",
            "labels": {},
            "name": "develop-b",
            "network_id": "enplm0lco6iqv9u2qeoa",
            "route_table_id": "",
            "timeouts": null,
            "v4_cidr_blocks": [
              "10.0.2.0/24"
            ],
            "v6_cidr_blocks": [],
            "zone": "ru-central1-b"
          },
          "sensitive_attributes": [],
          "identity_schema_version": 0,
          "private": "eyJlMmJmYjczMC1lY2FhLTExZTYtOGY4OC0zNDM2M2JjN2M0YzAiOnsiY3JlYXRlIjoxODAwMDAwMDAwMDAsImRlbGV0ZSI6MTgwMDAwMDAwMDAwLCJ1cGRhdGUiOjE4MDAwMDAwMDAwMH19",
          "dependencies": [
            "yandex_vpc_network.develop"
          ]
        }
      ]
    }
  ],
  "check_results": null
}
